<?xml version="1.0" encoding="UTF-8"?>
<Scheme
   LastUpgradeVersion = "0720"
   version = "2.0">
   <BuildAction
      parallelizeBuildables = "YES"
      buildImplicitDependencies = "YES">
      <BuildActionEntries>
         <BuildActionEntry
            buildForTesting = "YES"
            buildForRunning = "YES"
            buildForProfiling = "YES"
            buildForArchiving = "YES"
            buildForAnalyzing = "YES">
            <BuildableReference
               BuildableIdentifier = "primary"
               BlueprintIdentifier = "04BC34AD1C77D46000A32FD7"
               BuildableName = "ASCIIJump3DS"
               BlueprintName = "ASCIIJump3DS"
               ReferencedContainer = "container:ASCIIJump3DS.xcodeproj">
            </BuildableReference>
         </BuildActionEntry>
      </BuildActionEntries>
   </BuildAction>
   <TestAction
      buildConfiguration = "Debug"
      selectedDebuggerIdentifier = "Xcode.DebuggerFoundation.Debugger.LLDB"
      selectedLauncherIdentifier = "Xcode.DebuggerFoundation.Launcher.LLDB"
      shouldUseLaunchSchemeArgsEnv = "YES">
      <Testables>
      </Testables>
      <AdditionalOptions>
      </AdditionalOptions>
   </TestAction>
   <LaunchAction
      buildConfiguration = "Debug"
      selectedDebuggerIdentifier = ""
      selectedLauncherIdentifier = "Xcode.IDEFoundation.Launcher.PosixSpawn"
      launchStyle = "0"
      useCustomWorkingDirectory = "YES"
      customWorkingDirectory = "/Users/CommonFiles/ASCIIJump/ASCIIJump3DS/exec"
      ignoresPersistentStateOnLaunch = "NO"
      debugDocumentVersioning = "NO"
      debugXPCServices = "NO"
      debugServiceExtension = "internal"
      allowLocationSimulation = "NO"
      viewDebuggingEnabled = "No"
      queueDebuggingEnabled = "No">
      <PathRunnable
         runnableDebuggingMode = "0"
         FilePath = "/usr/local/Cellar/duck/4.7.3.18396/libexec/Contents/MacOS/duck">
      </PathRunnable>
      <MacroExpansion>
         <BuildableReference
            BuildableIdentifier = "primary"
            BlueprintIdentifier = "04BC34AD1C77D46000A32FD7"
            BuildableName = "ASCIIJump3DS"
            BlueprintName = "ASCIIJump3DS"
            ReferencedContainer = "container:ASCIIJump3DS.xcodeproj">
         </BuildableReference>
      </MacroExpansion>
      <CommandLineArguments>
         <CommandLineArgument
            argument = "-e overwrite"
            isEnabled = "YES">
         </CommandLineArgument>
         <CommandLineArgument
            argument = "--upload ftp://10.0.1.19:5000/3ds/ASCIIJump3DS/ ASCIIJump3DS.3dsx ASCIIJump3DS.elf"
            isEnabled = "YES">
         </CommandLineArgument>
         <CommandLineArgument
            argument = "--upload ftp://10.5.10.87:5000/3ds/ASCIIJump3DS/ ASCIIJump3DS.3dsx ASCIIJump3DS.elf"
            isEnabled = "NO">
         </CommandLineArgument>
         <CommandLineArgument
            argument = "--upload ftp://10.0.1.19:17491/3ds/ASCIIJump3DS/ ASCIIJump3DS.3dsx"
            isEnabled = "NO">
         </CommandLineArgument>
      </CommandLineArguments>
      <AdditionalOptions>
      </AdditionalOptions>
   </LaunchAction>
   <ProfileAction
      buildConfiguration = "Release"
      shouldUseLaunchSchemeArgsEnv = "YES"
      savedToolIdentifier = ""
      useCustomWorkingDirectory = "NO"
      debugDocumentVersioning = "YES">
      <MacroExpansion>
         <BuildableReference
            BuildableIdentifier = "primary"
            BlueprintIdentifier = "04BC34AD1C77D46000A32FD7"
            BuildableName = "ASCIIJump3DS"
            BlueprintName = "ASCIIJump3DS"
            ReferencedContainer = "container:ASCIIJump3DS.xcodeproj">
         </BuildableReference>
      </MacroExpansion>
   </ProfileAction>
   <AnalyzeAction
      buildConfiguration = "Debug">
   </AnalyzeAction>
   <ArchiveAction
      buildConfiguration = "Release"
      revealArchiveInOrganizer = "YES">
   </ArchiveAction>
</Scheme>
